
Microsoft Visual Studio Solution File, Format Version 12.00
# Visual Studio Version 17
VisualStudioVersion = 17.11.35312.102
MinimumVisualStudioVersion = 10.0.40219.1
Project("{FAE04EC0-301F-11D3-BF4B-00C04F79EFBC}") = "09-UpcastingDowncastingExplicitImplicit", "09-UpcastingDowncastingExplicitImplicit.csproj", "{F56F88D4-C9CC-47A9-B412-489266DD0C6C}"
EndProject
Global
	GlobalSection(SolutionConfigurationPlatforms) = preSolution
		Debug|Any CPU = Debug|Any CPU
		Release|Any CPU = Release|Any CPU
	EndGlobalSection
	GlobalSection(ProjectConfigurationPlatforms) = postSolution
		{F56F88D4-C9CC-47A9-B412-489266DD0C6C}.Debug|Any CPU.ActiveCfg = Debug|Any CPU
		{F56F88D4-C9CC-47A9-B412-489266DD0C6C}.Debug|Any CPU.Build.0 = Debug|Any CPU
		{F56F88D4-C9CC-47A9-B412-489266DD0C6C}.Release|Any CPU.ActiveCfg = Release|Any CPU
		{F56F88D4-C9CC-47A9-B412-489266DD0C6C}.Release|Any CPU.Build.0 = Release|Any CPU
	EndGlobalSection
	GlobalSection(SolutionProperties) = preSolution
		HideSolutionNode = FALSE
	EndGlobalSection
	GlobalSection(ExtensibilityGlobals) = postSolution
		SolutionGuid = {008EE2F8-5229-409E-9ED7-E82B717B66EC}
	EndGlobalSection
EndGlobal
